<?xml version="1.0" encoding="utf-8"?>
<Project ToolsVersion="17.0" xmlns="http://schemas.microsoft.com/developer/msbuild/2003">
  <ItemGroup>
    <CustomBuild Include="Z:\MyCompany\MyGame\proj.win32\CMakeFiles\ac4254d0d1aaea83bb3b195e1e4eb6f2\generate.stamp.rule">
      <Filter>CMake Rules</Filter>
    </CustomBuild>
  </ItemGroup>
  <ItemGroup>
    <Filter Include="CMake Rules">
      <UniqueIdentifier>{2285CEF5-450B-3BB8-800E-67618368186A}</UniqueIdentifier>
    </Filter>
  </ItemGroup>
</Project>
